<?xml version="1.0" encoding="utf-8"?>
<Project ToolsVersion="4.0" xmlns="http://schemas.microsoft.com/developer/msbuild/2003">
  <ItemGroup>
    <Filter Include="win32">
      <UniqueIdentifier>{84a8ebd7-7cf0-47f6-b75e-d441df67da40}</UniqueIdentifier>
    </Filter>
    <Filter Include="Classes">
      <UniqueIdentifier>{bb6c862e-70e9-49d9-81b7-3829a6f50471}</UniqueIdentifier>
    </Filter>
    <Filter Include="Classes\scene">
      <UniqueIdentifier>{366261e8-c67e-4320-9d8a-a049bcfd21e3}</UniqueIdentifier>
    </Filter>
    <Filter Include="Classes\global">
      <UniqueIdentifier>{fb37e0a2-dc3d-40fb-9e5e-024c1fb66038}</UniqueIdentifier>
    </Filter>
    <Filter Include="Classes\tools">
      <UniqueIdentifier>{ff99aaf1-3a96-4a7e-8c22-6d9c587ac7b7}</UniqueIdentifier>
    </Filter>
  </ItemGroup>
  <ItemGroup>
    <ClCompile Include="main.cpp">
      <Filter>win32</Filter>
    </ClCompile>
    <ClCompile Include="..\Classes\AppDelegate.cpp">
      <Filter>Classes</Filter>
    </ClCompile>
    <ClCompile Include="..\Classes\HelloWorldScene.cpp">
      <Filter>Classes</Filter>
    </ClCompile>
    <ClCompile Include="..\Classes\ActionSprite.cpp">
      <Filter>Classes</Filter>
    </ClCompile>
    <ClCompile Include="..\Classes\Hero.cpp">
      <Filter>Classes</Filter>
    </ClCompile>
    <ClCompile Include="..\Classes\global\Global.cpp">
      <Filter>Classes\global</Filter>
    </ClCompile>
    <ClCompile Include="..\Classes\global\Setting.cpp">
      <Filter>Classes\global</Filter>
    </ClCompile>
    <ClCompile Include="..\Classes\tools\HCSVFile.cpp">
      <Filter>Classes\tools</Filter>
    </ClCompile>
    <ClCompile Include="..\Classes\GameSceneLayer.cpp">
      <Filter>Classes\scene</Filter>
    </ClCompile>
    <ClCompile Include="..\Classes\GLES-Render.cpp">
      <Filter>Classes</Filter>
    </ClCompile>
    <ClCompile Include="..\Classes\Bomb.cpp">
      <Filter>Classes</Filter>
    </ClCompile>
    <ClCompile Include="..\Classes\MySprite.cpp">
      <Filter>Classes</Filter>
    </ClCompile>
    <ClCompile Include="..\Classes\SceneManager.cpp">
      <Filter>Classes\scene</Filter>
    </ClCompile>
    <ClCompile Include="..\Classes\MainScene.cpp">
      <Filter>Classes\scene</Filter>
    </ClCompile>
    <ClCompile Include="..\Classes\MyObject.cpp">
      <Filter>Classes</Filter>
    </ClCompile>
    <ClCompile Include="..\Classes\SelectLevelScene.cpp">
      <Filter>Classes\scene</Filter>
    </ClCompile>
    <ClCompile Include="..\Classes\logo.cpp">
      <Filter>Classes\scene</Filter>
    </ClCompile>
    <ClCompile Include="..\Classes\GameFaildLayer.cpp">
      <Filter>Classes\scene</Filter>
    </ClCompile>
    <ClCompile Include="..\Classes\GameVictoryLayer.cpp">
      <Filter>Classes\scene</Filter>
    </ClCompile>
    <ClCompile Include="..\Classes\PauseLayer.cpp">
      <Filter>Classes\scene</Filter>
    </ClCompile>
  </ItemGroup>
  <ItemGroup>
    <ClInclude Include="main.h">
      <Filter>win32</Filter>
    </ClInclude>
    <ClInclude Include="..\Classes\AppDelegate.h">
      <Filter>Classes</Filter>
    </ClInclude>
    <ClInclude Include="..\Classes\HelloWorldScene.h">
      <Filter>Classes</Filter>
    </ClInclude>
    <ClInclude Include="..\Classes\ActionSprite.h">
      <Filter>Classes</Filter>
    </ClInclude>
    <ClInclude Include="..\Classes\Hero.h">
      <Filter>Classes</Filter>
    </ClInclude>
    <ClInclude Include="..\Classes\global\Global.h">
      <Filter>Classes\global</Filter>
    </ClInclude>
    <ClInclude Include="..\Classes\global\Setting.h">
      <Filter>Classes\global</Filter>
    </ClInclude>
    <ClInclude Include="..\Classes\tools\HCSVFile.h">
      <Filter>Classes\tools</Filter>
    </ClInclude>
    <ClInclude Include="..\Classes\GameSceneLayer.h">
      <Filter>Classes\scene</Filter>
    </ClInclude>
    <ClInclude Include="..\Classes\GLES-Render.h">
      <Filter>Classes</Filter>
    </ClInclude>
    <ClInclude Include="..\Classes\Bomb.h">
      <Filter>Classes</Filter>
    </ClInclude>
    <ClInclude Include="..\Classes\MySprite.h">
      <Filter>Classes</Filter>
    </ClInclude>
    <ClInclude Include="..\Classes\MyContactListener.h">
      <Filter>Classes</Filter>
    </ClInclude>
    <ClInclude Include="..\Classes\SceneManager.h">
      <Filter>Classes\scene</Filter>
    </ClInclude>
    <ClInclude Include="..\Classes\MainScene.h">
      <Filter>Classes\scene</Filter>
    </ClInclude>
    <ClInclude Include="..\Classes\MyObject.h">
      <Filter>Classes</Filter>
    </ClInclude>
    <ClInclude Include="..\Classes\SelectLevelScene.h">
      <Filter>Classes\scene</Filter>
    </ClInclude>
    <ClInclude Include="..\Classes\logo.h">
      <Filter>Classes\scene</Filter>
    </ClInclude>
    <ClInclude Include="..\Classes\GameVictoryLayer.h">
      <Filter>Classes\scene</Filter>
    </ClInclude>
    <ClInclude Include="..\Classes\GameFaildLayer.h">
      <Filter>Classes\scene</Filter>
    </ClInclude>
    <ClInclude Include="..\Classes\PauseLayer.h">
      <Filter>Classes\scene</Filter>
    </ClInclude>
  </ItemGroup>
</Project>